
Microsoft Visual Studio Solution File, Format Version 12.00
# Visual Studio Version 17
VisualStudioVersion = 17.2.32630.192
MinimumVisualStudioVersion = 10.0.40219.1
Project("{FAE04EC0-301F-11D3-BF4B-00C04F79EFBC}") = "Primes", "Primes.csproj", "{BCF7ED56-0D02-4F13-A70C-BCEEEE6C332C}"
EndProject
Global
	GlobalSection(SolutionConfigurationPlatforms) = preSolution
		Debug|Any CPU = Debug|Any CPU
		Release|Any CPU = Release|Any CPU
	EndGlobalSection
	GlobalSection(ProjectConfigurationPlatforms) = postSolution
		{BCF7ED56-0D02-4F13-A70C-BCEEEE6C332C}.Debug|Any CPU.ActiveCfg = Debug|Any CPU
		{BCF7ED56-0D02-4F13-A70C-BCEEEE6C332C}.Debug|Any CPU.Build.0 = Debug|Any CPU
		{BCF7ED56-0D02-4F13-A70C-BCEEEE6C332C}.Release|Any CPU.ActiveCfg = Release|Any CPU
		{BCF7ED56-0D02-4F13-A70C-BCEEEE6C332C}.Release|Any CPU.Build.0 = Release|Any CPU
	EndGlobalSection
	GlobalSection(SolutionProperties) = preSolution
		HideSolutionNode = FALSE
	EndGlobalSection
	GlobalSection(ExtensibilityGlobals) = postSolution
		SolutionGuid = {4B1855E5-B6B2-4AB3-A058-17B4664BC2B1}
	EndGlobalSection
EndGlobal
